{
  "meteor": {},
  "dependencies": {
    "basePackages": {
      "lodash": {},
      "iron-router": {},
      "collection2": {}
    },
    "packages": {
      "lodash": {
        "git": "https://github.com/alethes/meteor-lodash.git",
        "tag": "v0.7.0",
        "commit": "0d4d8b43728f3ad1b54268148e61de398a3a4840"
      },
      "iron-router": {
        "git": "https://github.com/EventedMind/iron-router.git",
        "tag": "v0.6.4",
        "commit": "927bbaed1b87894fb6fb70807f74ff3a5bd89f29"
      },
      "collection2": {
        "git": "https://github.com/aldeed/meteor-collection2.git",
        "tag": "v0.3.8",
        "commit": "69aff2a21ba3c382f915e1f9dbcca2ad38edb6d5"
      },
      "simple-schema": {
        "git": "https://github.com/aldeed/meteor-simple-schema.git",
        "tag": "v0.2.40",
        "commit": "d22892daa943e3567916effeaafd794ca6af5cd2"
      }
    }
  }
}
